
Microsoft Visual Studio Solution File, Format Version 12.00
# Visual Studio Version 17
VisualStudioVersion = 17.13.35919.96 d17.13
MinimumVisualStudioVersion = 10.0.40219.1
Project("{FAE04EC0-301F-11D3-BF4B-00C04F79EFBC}") = "Productivity Signal", "Productivity Signal.csproj", "{D93C64A1-ECBE-4DA7-930B-400F67864D25}"
EndProject
Global
	GlobalSection(SolutionConfigurationPlatforms) = preSolution
		Debug|Any CPU = Debug|Any CPU
		Release|Any CPU = Release|Any CPU
	EndGlobalSection
	GlobalSection(ProjectConfigurationPlatforms) = postSolution
		{D93C64A1-ECBE-4DA7-930B-400F67864D25}.Debug|Any CPU.ActiveCfg = Debug|Any CPU
		{D93C64A1-ECBE-4DA7-930B-400F67864D25}.Debug|Any CPU.Build.0 = Debug|Any CPU
		{D93C64A1-ECBE-4DA7-930B-400F67864D25}.Release|Any CPU.ActiveCfg = Release|Any CPU
		{D93C64A1-ECBE-4DA7-930B-400F67864D25}.Release|Any CPU.Build.0 = Release|Any CPU
	EndGlobalSection
	GlobalSection(SolutionProperties) = preSolution
		HideSolutionNode = FALSE
	EndGlobalSection
	GlobalSection(ExtensibilityGlobals) = postSolution
		SolutionGuid = {412222D4-7B6A-4495-A1AE-508431AF16E1}
	EndGlobalSection
EndGlobal
